<?xml version="1.0" encoding="utf-8"?>
<Project ToolsVersion="4.0" xmlns="http://schemas.microsoft.com/developer/msbuild/2003">
  <ItemGroup>
    <Filter Include="源文件">
      <UniqueIdentifier>{4FC737F1-C7A5-4376-A066-2A32D752A2FF}</UniqueIdentifier>
      <Extensions>cpp;c;cc;cxx;c++;cppm;ixx;def;odl;idl;hpj;bat;asm;asmx</Extensions>
    </Filter>
    <Filter Include="头文件">
      <UniqueIdentifier>{93995380-89BD-4b04-88EB-625FBE52EBFB}</UniqueIdentifier>
      <Extensions>h;hh;hpp;hxx;h++;hm;inl;inc;ipp;xsd</Extensions>
    </Filter>
    <Filter Include="资源文件">
      <UniqueIdentifier>{67DA6AB6-F800-4c08-8B7A-83BB121AAD01}</UniqueIdentifier>
      <Extensions>rc;ico;cur;bmp;dlg;rc2;rct;bin;rgs;gif;jpg;jpeg;jpe;resx;tiff;tif;png;wav;mfcribbon-ms</Extensions>
    </Filter>
    <Filter Include="pic">
      <UniqueIdentifier>{29bccdbe-aa3e-4f9f-aa21-8d55b03480ad}</UniqueIdentifier>
    </Filter>
    <Filter Include="头文件\assimp">
      <UniqueIdentifier>{005f13c3-3ac3-46da-badd-94214445344c}</UniqueIdentifier>
    </Filter>
  </ItemGroup>
  <ItemGroup>
    <ClCompile Include="CGFinal.cpp">
      <Filter>源文件</Filter>
    </ClCompile>
    <ClCompile Include="include\glad\glad.c">
      <Filter>源文件</Filter>
    </ClCompile>
    <ClCompile Include="include\imgui\imgui.cpp">
      <Filter>源文件</Filter>
    </ClCompile>
    <ClCompile Include="include\imgui\imgui_demo.cpp">
      <Filter>源文件</Filter>
    </ClCompile>
    <ClCompile Include="include\imgui\imgui_draw.cpp">
      <Filter>源文件</Filter>
    </ClCompile>
    <ClCompile Include="include\imgui\imgui_impl_glfw.cpp">
      <Filter>源文件</Filter>
    </ClCompile>
    <ClCompile Include="include\imgui\imgui_impl_opengl3.cpp">
      <Filter>源文件</Filter>
    </ClCompile>
    <ClCompile Include="include\imgui\imgui_tables.cpp">
      <Filter>源文件</Filter>
    </ClCompile>
    <ClCompile Include="include\imgui\imgui_widgets.cpp">
      <Filter>源文件</Filter>
    </ClCompile>
  </ItemGroup>
  <ItemGroup>
    <ClInclude Include="include\glad\glad.h">
      <Filter>头文件</Filter>
    </ClInclude>
    <ClInclude Include="ImportData.h">
      <Filter>头文件</Filter>
    </ClInclude>
    <ClInclude Include="model.h">
      <Filter>头文件</Filter>
    </ClInclude>
    <ClInclude Include="stb_image.h">
      <Filter>头文件</Filter>
    </ClInclude>
    <ClInclude Include="camera.h">
      <Filter>头文件</Filter>
    </ClInclude>
    <ClInclude Include="include\imgui\imconfig.h">
      <Filter>头文件</Filter>
    </ClInclude>
    <ClInclude Include="include\imgui\imgui.h">
      <Filter>头文件</Filter>
    </ClInclude>
    <ClInclude Include="include\imgui\imgui_impl_glfw.h">
      <Filter>头文件</Filter>
    </ClInclude>
    <ClInclude Include="include\imgui\imgui_impl_opengl3.h">
      <Filter>头文件</Filter>
    </ClInclude>
    <ClInclude Include="include\imgui\imgui_impl_opengl3_loader.h">
      <Filter>头文件</Filter>
    </ClInclude>
    <ClInclude Include="include\imgui\imgui_internal.h">
      <Filter>头文件</Filter>
    </ClInclude>
    <ClInclude Include="include\imgui\imstb_rectpack.h">
      <Filter>头文件</Filter>
    </ClInclude>
    <ClInclude Include="include\imgui\imstb_textedit.h">
      <Filter>头文件</Filter>
    </ClInclude>
    <ClInclude Include="include\imgui\imstb_truetype.h">
      <Filter>头文件</Filter>
    </ClInclude>
    <ClInclude Include="include\assimp\aabb.h">
      <Filter>头文件\assimp</Filter>
    </ClInclude>
    <ClInclude Include="include\assimp\ai_assert.h">
      <Filter>头文件\assimp</Filter>
    </ClInclude>
    <ClInclude Include="include\assimp\anim.h">
      <Filter>头文件\assimp</Filter>
    </ClInclude>
    <ClInclude Include="include\assimp\Base64.hpp">
      <Filter>头文件\assimp</Filter>
    </ClInclude>
    <ClInclude Include="include\assimp\BaseImporter.h">
      <Filter>头文件\assimp</Filter>
    </ClInclude>
    <ClInclude Include="include\assimp\Bitmap.h">
      <Filter>头文件\assimp</Filter>
    </ClInclude>
    <ClInclude Include="include\assimp\BlobIOSystem.h">
      <Filter>头文件\assimp</Filter>
    </ClInclude>
    <ClInclude Include="include\assimp\ByteSwapper.h">
      <Filter>头文件\assimp</Filter>
    </ClInclude>
    <ClInclude Include="include\assimp\camera.h">
      <Filter>头文件\assimp</Filter>
    </ClInclude>
    <ClInclude Include="include\assimp\cexport.h">
      <Filter>头文件\assimp</Filter>
    </ClInclude>
    <ClInclude Include="include\assimp\cfileio.h">
      <Filter>头文件\assimp</Filter>
    </ClInclude>
    <ClInclude Include="include\assimp\cimport.h">
      <Filter>头文件\assimp</Filter>
    </ClInclude>
    <ClInclude Include="include\assimp\ColladaMetaData.h">
      <Filter>头文件\assimp</Filter>
    </ClInclude>
    <ClInclude Include="include\assimp\color4.h">
      <Filter>头文件\assimp</Filter>
    </ClInclude>
    <ClInclude Include="include\assimp\commonMetaData.h">
      <Filter>头文件\assimp</Filter>
    </ClInclude>
    <ClInclude Include="include\assimp\config.h">
      <Filter>头文件\assimp</Filter>
    </ClInclude>
    <ClInclude Include="include\assimp\CreateAnimMesh.h">
      <Filter>头文件\assimp</Filter>
    </ClInclude>
    <ClInclude Include="include\assimp\DefaultIOStream.h">
      <Filter>头文件\assimp</Filter>
    </ClInclude>
    <ClInclude Include="include\assimp\DefaultIOSystem.h">
      <Filter>头文件\assimp</Filter>
    </ClInclude>
    <ClInclude Include="include\assimp\DefaultLogger.hpp">
      <Filter>头文件\assimp</Filter>
    </ClInclude>
    <ClInclude Include="include\assimp\defs.h">
      <Filter>头文件\assimp</Filter>
    </ClInclude>
    <ClInclude Include="include\assimp\Exceptional.h">
      <Filter>头文件\assimp</Filter>
    </ClInclude>
    <ClInclude Include="include\assimp\Exporter.hpp">
      <Filter>头文件\assimp</Filter>
    </ClInclude>
    <ClInclude Include="include\assimp\fast_atof.h">
      <Filter>头文件\assimp</Filter>
    </ClInclude>
    <ClInclude Include="include\assimp\GenericProperty.h">
      <Filter>头文件\assimp</Filter>
    </ClInclude>
    <ClInclude Include="include\assimp\GltfMaterial.h">
      <Filter>头文件\assimp</Filter>
    </ClInclude>
    <ClInclude Include="include\assimp\Hash.h">
      <Filter>头文件\assimp</Filter>
    </ClInclude>
    <ClInclude Include="include\assimp\Importer.hpp">
      <Filter>头文件\assimp</Filter>
    </ClInclude>
    <ClInclude Include="include\assimp\importerdesc.h">
      <Filter>头文件\assimp</Filter>
    </ClInclude>
    <ClInclude Include="include\assimp\IOStream.hpp">
      <Filter>头文件\assimp</Filter>
    </ClInclude>
    <ClInclude Include="include\assimp\IOStreamBuffer.h">
      <Filter>头文件\assimp</Filter>
    </ClInclude>
    <ClInclude Include="include\assimp\IOSystem.hpp">
      <Filter>头文件\assimp</Filter>
    </ClInclude>
    <ClInclude Include="include\assimp\light.h">
      <Filter>头文件\assimp</Filter>
    </ClInclude>
    <ClInclude Include="include\assimp\LineSplitter.h">
      <Filter>头文件\assimp</Filter>
    </ClInclude>
    <ClInclude Include="include\assimp\LogAux.h">
      <Filter>头文件\assimp</Filter>
    </ClInclude>
    <ClInclude Include="include\assimp\Logger.hpp">
      <Filter>头文件\assimp</Filter>
    </ClInclude>
    <ClInclude Include="include\assimp\LogStream.hpp">
      <Filter>头文件\assimp</Filter>
    </ClInclude>
    <ClInclude Include="include\assimp\material.h">
      <Filter>头文件\assimp</Filter>
    </ClInclude>
    <ClInclude Include="include\assimp\MathFunctions.h">
      <Filter>头文件\assimp</Filter>
    </ClInclude>
    <ClInclude Include="include\assimp\matrix3x3.h">
      <Filter>头文件\assimp</Filter>
    </ClInclude>
    <ClInclude Include="include\assimp\matrix4x4.h">
      <Filter>头文件\assimp</Filter>
    </ClInclude>
    <ClInclude Include="include\assimp\MemoryIOWrapper.h">
      <Filter>头文件\assimp</Filter>
    </ClInclude>
    <ClInclude Include="include\assimp\mesh.h">
      <Filter>头文件\assimp</Filter>
    </ClInclude>
    <ClInclude Include="include\assimp\metadata.h">
      <Filter>头文件\assimp</Filter>
    </ClInclude>
    <ClInclude Include="include\assimp\NullLogger.hpp">
      <Filter>头文件\assimp</Filter>
    </ClInclude>
    <ClInclude Include="include\assimp\ObjMaterial.h">
      <Filter>头文件\assimp</Filter>
    </ClInclude>
    <ClInclude Include="include\assimp\ParsingUtils.h">
      <Filter>头文件\assimp</Filter>
    </ClInclude>
    <ClInclude Include="include\assimp\pbrmaterial.h">
      <Filter>头文件\assimp</Filter>
    </ClInclude>
    <ClInclude Include="include\assimp\postprocess.h">
      <Filter>头文件\assimp</Filter>
    </ClInclude>
    <ClInclude Include="include\assimp\Profiler.h">
      <Filter>头文件\assimp</Filter>
    </ClInclude>
    <ClInclude Include="include\assimp\ProgressHandler.hpp">
      <Filter>头文件\assimp</Filter>
    </ClInclude>
    <ClInclude Include="include\assimp\qnan.h">
      <Filter>头文件\assimp</Filter>
    </ClInclude>
    <ClInclude Include="include\assimp\quaternion.h">
      <Filter>头文件\assimp</Filter>
    </ClInclude>
    <ClInclude Include="include\assimp\RemoveComments.h">
      <Filter>头文件\assimp</Filter>
    </ClInclude>
    <ClInclude Include="include\assimp\scene.h">
      <Filter>头文件\assimp</Filter>
    </ClInclude>
    <ClInclude Include="include\assimp\SceneCombiner.h">
      <Filter>头文件\assimp</Filter>
    </ClInclude>
    <ClInclude Include="include\assimp\SGSpatialSort.h">
      <Filter>头文件\assimp</Filter>
    </ClInclude>
    <ClInclude Include="include\assimp\SkeletonMeshBuilder.h">
      <Filter>头文件\assimp</Filter>
    </ClInclude>
    <ClInclude Include="include\assimp\SmallVector.h">
      <Filter>头文件\assimp</Filter>
    </ClInclude>
    <ClInclude Include="include\assimp\SmoothingGroups.h">
      <Filter>头文件\assimp</Filter>
    </ClInclude>
    <ClInclude Include="include\assimp\SpatialSort.h">
      <Filter>头文件\assimp</Filter>
    </ClInclude>
    <ClInclude Include="include\assimp\StandardShapes.h">
      <Filter>头文件\assimp</Filter>
    </ClInclude>
    <ClInclude Include="include\assimp\StreamReader.h">
      <Filter>头文件\assimp</Filter>
    </ClInclude>
    <ClInclude Include="include\assimp\StreamWriter.h">
      <Filter>头文件\assimp</Filter>
    </ClInclude>
    <ClInclude Include="include\assimp\StringComparison.h">
      <Filter>头文件\assimp</Filter>
    </ClInclude>
    <ClInclude Include="include\assimp\StringUtils.h">
      <Filter>头文件\assimp</Filter>
    </ClInclude>
    <ClInclude Include="include\assimp\Subdivision.h">
      <Filter>头文件\assimp</Filter>
    </ClInclude>
    <ClInclude Include="include\assimp\texture.h">
      <Filter>头文件\assimp</Filter>
    </ClInclude>
    <ClInclude Include="include\assimp\TinyFormatter.h">
      <Filter>头文件\assimp</Filter>
    </ClInclude>
    <ClInclude Include="include\assimp\types.h">
      <Filter>头文件\assimp</Filter>
    </ClInclude>
    <ClInclude Include="include\assimp\vector2.h">
      <Filter>头文件\assimp</Filter>
    </ClInclude>
    <ClInclude Include="include\assimp\vector3.h">
      <Filter>头文件\assimp</Filter>
    </ClInclude>
    <ClInclude Include="include\assimp\version.h">
      <Filter>头文件\assimp</Filter>
    </ClInclude>
    <ClInclude Include="include\assimp\Vertex.h">
      <Filter>头文件\assimp</Filter>
    </ClInclude>
    <ClInclude Include="include\assimp\XmlParser.h">
      <Filter>头文件\assimp</Filter>
    </ClInclude>
    <ClInclude Include="include\assimp\XMLTools.h">
      <Filter>头文件\assimp</Filter>
    </ClInclude>
    <ClInclude Include="include\assimp\ZipArchiveIOSystem.h">
      <Filter>头文件\assimp</Filter>
    </ClInclude>
    <ClInclude Include="glInit.h">
      <Filter>头文件</Filter>
    </ClInclude>
    <ClInclude Include="Mesh.h">
      <Filter>头文件</Filter>
    </ClInclude>
    <ClInclude Include="shader_s.h">
      <Filter>头文件</Filter>
    </ClInclude>
    <ClInclude Include="FileSystem.h">
      <Filter>头文件</Filter>
    </ClInclude>
    <ClInclude Include="shader.h">
      <Filter>头文件</Filter>
    </ClInclude>
    <ClInclude Include="resource.h">
      <Filter>头文件</Filter>
    </ClInclude>
  </ItemGroup>
  <ItemGroup>
    <None Include="include\assimp\color4.inl">
      <Filter>头文件\assimp</Filter>
    </None>
    <None Include="include\assimp\config.h.in">
      <Filter>头文件\assimp</Filter>
    </None>
    <None Include="include\assimp\material.inl">
      <Filter>头文件\assimp</Filter>
    </None>
    <None Include="include\assimp\matrix3x3.inl">
      <Filter>头文件\assimp</Filter>
    </None>
    <None Include="include\assimp\matrix4x4.inl">
      <Filter>头文件\assimp</Filter>
    </None>
    <None Include="include\assimp\quaternion.inl">
      <Filter>头文件\assimp</Filter>
    </None>
    <None Include="include\assimp\SmoothingGroups.inl">
      <Filter>头文件\assimp</Filter>
    </None>
    <None Include="include\assimp\vector2.inl">
      <Filter>头文件\assimp</Filter>
    </None>
    <None Include="include\assimp\vector3.inl">
      <Filter>头文件\assimp</Filter>
    </None>
    <None Include="shader\box.fs.glsl">
      <Filter>资源文件</Filter>
    </None>
    <None Include="shader\box.vs.glsl">
      <Filter>资源文件</Filter>
    </None>
    <None Include="shader\lightbox.fs.glsl">
      <Filter>资源文件</Filter>
    </None>
    <None Include="shader\lightbox.vs.glsl">
      <Filter>资源文件</Filter>
    </None>
    <None Include="shader\skybox.fs.glsl">
      <Filter>资源文件</Filter>
    </None>
    <None Include="shader\skybox.vs.glsl">
      <Filter>资源文件</Filter>
    </None>
    <None Include="shader\model.fs.glsl">
      <Filter>资源文件</Filter>
    </None>
    <None Include="shader\model.vs.glsl">
      <Filter>资源文件</Filter>
    </None>
    <None Include="shader\green.fs.glsl">
      <Filter>资源文件</Filter>
    </None>
    <None Include="shader\green.vs.glsl">
      <Filter>资源文件</Filter>
    </None>
  </ItemGroup>
  <ItemGroup>
    <Image Include="pic\awesomeface.png">
      <Filter>pic</Filter>
    </Image>
    <Image Include="pic\container.jpg">
      <Filter>pic</Filter>
    </Image>
    <Image Include="pic\house1.png">
      <Filter>pic</Filter>
    </Image>
    <Image Include="pic\container2.png">
      <Filter>pic</Filter>
    </Image>
    <Image Include="pic\container2_specular.png">
      <Filter>pic</Filter>
    </Image>
    <Image Include="pic\black.jpg">
      <Filter>pic</Filter>
    </Image>
    <Image Include="pic\normal.jpg">
      <Filter>pic</Filter>
    </Image>
    <Image Include="pic\white.jpg">
      <Filter>pic</Filter>
    </Image>
    <Image Include="pic\awesomeface.ico">
      <Filter>资源文件</Filter>
    </Image>
  </ItemGroup>
  <ItemGroup>
    <ResourceCompile Include="CGFinal.rc">
      <Filter>资源文件</Filter>
    </ResourceCompile>
  </ItemGroup>
</Project>